
Microsoft Visual Studio Solution File, Format Version 12.00
Project("{FAE04EC0-301F-11D3-BF4B-00C04F79EFBC}") = "SampleApp", "src\SampleApp\SampleApp.csproj", "{587B3A7C-3E7C-491D-B42A-DA34030AA398}"
EndProject
Global
	GlobalSection(SolutionConfigurationPlatforms) = preSolution
		Debug|Any CPU = Debug|Any CPU
		Release|Any CPU = Release|Any CPU
	EndGlobalSection
	GlobalSection(ProjectConfigurationPlatforms) = postSolution
		{587B3A7C-3E7C-491D-B42A-DA34030AA398}.Debug|Any CPU.ActiveCfg = Debug|Any CPU
		{587B3A7C-3E7C-491D-B42A-DA34030AA398}.Debug|Any CPU.Build.0 = Debug|Any CPU
		{587B3A7C-3E7C-491D-B42A-DA34030AA398}.Release|Any CPU.ActiveCfg = Release|Any CPU
		{587B3A7C-3E7C-491D-B42A-DA34030AA398}.Release|Any CPU.Build.0 = Release|Any CPU
	EndGlobalSection
EndGlobal
